
Microsoft Visual Studio Solution File, Format Version 12.00
# Visual Studio 2013
VisualStudioVersion = 12.0.31101.0
MinimumVisualStudioVersion = 10.0.40219.1
Project("{FAE04EC0-301F-11D3-BF4B-00C04F79EFBC}") = "XLMultiTasks", "XLMultiTasks\XLMultiTasks.csproj", "{5140B545-7A6C-4A20-A1DA-37ADA7FCD4FD}"
EndProject
Project("{FAE04EC0-301F-11D3-BF4B-00C04F79EFBC}") = "XLMultiTasksApi", "XLMultiTasksApi\XLMultiTasksApi.csproj", "{964687CD-F61D-4BD2-AB97-B46CFD78E4E8}"
EndProject
Project("{FAE04EC0-301F-11D3-BF4B-00C04F79EFBC}") = "XLMultiTasks.Common", "XLMultiTasks.Common\XLMultiTasks.Common.csproj", "{229CFD8C-8B8D-4329-B611-2C7B1F7610A6}"
EndProject
Global
	GlobalSection(SolutionConfigurationPlatforms) = preSolution
		Debug|Any CPU = Debug|Any CPU
		Release|Any CPU = Release|Any CPU
	EndGlobalSection
	GlobalSection(ProjectConfigurationPlatforms) = postSolution
		{5140B545-7A6C-4A20-A1DA-37ADA7FCD4FD}.Debug|Any CPU.ActiveCfg = Debug|Any CPU
		{5140B545-7A6C-4A20-A1DA-37ADA7FCD4FD}.Debug|Any CPU.Build.0 = Debug|Any CPU
		{5140B545-7A6C-4A20-A1DA-37ADA7FCD4FD}.Release|Any CPU.ActiveCfg = Release|Any CPU
		{5140B545-7A6C-4A20-A1DA-37ADA7FCD4FD}.Release|Any CPU.Build.0 = Release|Any CPU
		{964687CD-F61D-4BD2-AB97-B46CFD78E4E8}.Debug|Any CPU.ActiveCfg = Debug|Any CPU
		{964687CD-F61D-4BD2-AB97-B46CFD78E4E8}.Debug|Any CPU.Build.0 = Debug|Any CPU
		{964687CD-F61D-4BD2-AB97-B46CFD78E4E8}.Release|Any CPU.ActiveCfg = Release|Any CPU
		{964687CD-F61D-4BD2-AB97-B46CFD78E4E8}.Release|Any CPU.Build.0 = Release|Any CPU
		{229CFD8C-8B8D-4329-B611-2C7B1F7610A6}.Debug|Any CPU.ActiveCfg = Debug|Any CPU
		{229CFD8C-8B8D-4329-B611-2C7B1F7610A6}.Debug|Any CPU.Build.0 = Debug|Any CPU
		{229CFD8C-8B8D-4329-B611-2C7B1F7610A6}.Release|Any CPU.ActiveCfg = Release|Any CPU
		{229CFD8C-8B8D-4329-B611-2C7B1F7610A6}.Release|Any CPU.Build.0 = Release|Any CPU
	EndGlobalSection
	GlobalSection(SolutionProperties) = preSolution
		HideSolutionNode = FALSE
	EndGlobalSection
EndGlobal
